
Microsoft Visual Studio Solution File, Format Version 12.00
# Visual Studio Version 16
VisualStudioVersion = 16.0.30330.147
MinimumVisualStudioVersion = 10.0.40219.1
Project("{9A19103F-16F7-4668-BE54-9A1E7A4F7556}") = "EmployeeManagement", "EmployeeManagement\EmployeeManagement.csproj", "{FBADC505-B84D-49D1-9482-8ED69F2B18ED}"
EndProject
Global
	GlobalSection(SolutionConfigurationPlatforms) = preSolution
		Debug|Any CPU = Debug|Any CPU
		Release|Any CPU = Release|Any CPU
	EndGlobalSection
	GlobalSection(ProjectConfigurationPlatforms) = postSolution
		{FBADC505-B84D-49D1-9482-8ED69F2B18ED}.Debug|Any CPU.ActiveCfg = Debug|Any CPU
		{FBADC505-B84D-49D1-9482-8ED69F2B18ED}.Debug|Any CPU.Build.0 = Debug|Any CPU
		{FBADC505-B84D-49D1-9482-8ED69F2B18ED}.Release|Any CPU.ActiveCfg = Release|Any CPU
		{FBADC505-B84D-49D1-9482-8ED69F2B18ED}.Release|Any CPU.Build.0 = Release|Any CPU
	EndGlobalSection
	GlobalSection(SolutionProperties) = preSolution
		HideSolutionNode = FALSE
	EndGlobalSection
	GlobalSection(ExtensibilityGlobals) = postSolution
		SolutionGuid = {65BC1589-DB6A-4D0A-985C-282F27DFBB1F}
	EndGlobalSection
EndGlobal
